
Microsoft Visual Studio Solution File, Format Version 12.00
# Visual Studio Version 17
VisualStudioVersion = 17.8.34330.188
MinimumVisualStudioVersion = 10.0.40219.1
Project("{FAE04EC0-301F-11D3-BF4B-00C04F79EFBC}") = "Server", "Server\Server.csproj", "{EBA61E37-818A-419C-AEBF-FA663004AC01}"
EndProject
Global
	GlobalSection(SolutionConfigurationPlatforms) = preSolution
		Debug|Any CPU = Debug|Any CPU
		Release|Any CPU = Release|Any CPU
	EndGlobalSection
	GlobalSection(ProjectConfigurationPlatforms) = postSolution
		{EBA61E37-818A-419C-AEBF-FA663004AC01}.Debug|Any CPU.ActiveCfg = Debug|Any CPU
		{EBA61E37-818A-419C-AEBF-FA663004AC01}.Debug|Any CPU.Build.0 = Debug|Any CPU
		{EBA61E37-818A-419C-AEBF-FA663004AC01}.Release|Any CPU.ActiveCfg = Release|Any CPU
		{EBA61E37-818A-419C-AEBF-FA663004AC01}.Release|Any CPU.Build.0 = Release|Any CPU
	EndGlobalSection
	GlobalSection(SolutionProperties) = preSolution
		HideSolutionNode = FALSE
	EndGlobalSection
	GlobalSection(ExtensibilityGlobals) = postSolution
		SolutionGuid = {6A4B0DA2-06B8-41D6-A732-6730C74AA8EB}
	EndGlobalSection
EndGlobal
